
Microsoft Visual Studio Solution File, Format Version 12.00
# Visual Studio Version 16
VisualStudioVersion = 16.0.29215.179
MinimumVisualStudioVersion = 10.0.40219.1
Project("{9A19103F-16F7-4668-BE54-9A1E7A4F7556}") = "TextToSpeechDemo", "TextToSpeechDemo\TextToSpeechDemo.csproj", "{5CB945AD-A0CF-4195-91C9-71D9F6A1A1D6}"
EndProject
Project("{9A19103F-16F7-4668-BE54-9A1E7A4F7556}") = "common", "..\..\common-source\csharp\common\common.csproj", "{9FE91683-14A8-4E3A-94BA-95E5D30EFEB0}"
EndProject
Global
	GlobalSection(SolutionConfigurationPlatforms) = preSolution
		Debug|Any CPU = Debug|Any CPU
		Release|Any CPU = Release|Any CPU
	EndGlobalSection
	GlobalSection(ProjectConfigurationPlatforms) = postSolution
		{5CB945AD-A0CF-4195-91C9-71D9F6A1A1D6}.Debug|Any CPU.ActiveCfg = Debug|Any CPU
		{5CB945AD-A0CF-4195-91C9-71D9F6A1A1D6}.Debug|Any CPU.Build.0 = Debug|Any CPU
		{5CB945AD-A0CF-4195-91C9-71D9F6A1A1D6}.Release|Any CPU.ActiveCfg = Release|Any CPU
		{5CB945AD-A0CF-4195-91C9-71D9F6A1A1D6}.Release|Any CPU.Build.0 = Release|Any CPU
		{9FE91683-14A8-4E3A-94BA-95E5D30EFEB0}.Debug|Any CPU.ActiveCfg = Debug|Any CPU
		{9FE91683-14A8-4E3A-94BA-95E5D30EFEB0}.Debug|Any CPU.Build.0 = Debug|Any CPU
		{9FE91683-14A8-4E3A-94BA-95E5D30EFEB0}.Release|Any CPU.ActiveCfg = Release|Any CPU
		{9FE91683-14A8-4E3A-94BA-95E5D30EFEB0}.Release|Any CPU.Build.0 = Release|Any CPU
	EndGlobalSection
	GlobalSection(SolutionProperties) = preSolution
		HideSolutionNode = FALSE
	EndGlobalSection
	GlobalSection(ExtensibilityGlobals) = postSolution
		SolutionGuid = {988155CA-143B-4D69-A20B-9D62B57FA7DC}
	EndGlobalSection
EndGlobal
