
Microsoft Visual Studio Solution File, Format Version 12.00
# Visual Studio Version 16
VisualStudioVersion = 16.0.29215.179
MinimumVisualStudioVersion = 10.0.40219.1
Project("{9A19103F-16F7-4668-BE54-9A1E7A4F7556}") = "TextTranslationDemo", "TextTranslationDemo\TextTranslationDemo.csproj", "{906A6DE5-0287-4604-ADFC-4313921B735F}"
EndProject
Project("{9A19103F-16F7-4668-BE54-9A1E7A4F7556}") = "common", "..\..\common-source\csharp\common\common.csproj", "{66423312-8C76-4B48-9E13-B5BFE8F2BD8F}"
EndProject
Global
	GlobalSection(SolutionConfigurationPlatforms) = preSolution
		Debug|Any CPU = Debug|Any CPU
		Release|Any CPU = Release|Any CPU
	EndGlobalSection
	GlobalSection(ProjectConfigurationPlatforms) = postSolution
		{906A6DE5-0287-4604-ADFC-4313921B735F}.Debug|Any CPU.ActiveCfg = Debug|Any CPU
		{906A6DE5-0287-4604-ADFC-4313921B735F}.Debug|Any CPU.Build.0 = Debug|Any CPU
		{906A6DE5-0287-4604-ADFC-4313921B735F}.Release|Any CPU.ActiveCfg = Release|Any CPU
		{906A6DE5-0287-4604-ADFC-4313921B735F}.Release|Any CPU.Build.0 = Release|Any CPU
		{66423312-8C76-4B48-9E13-B5BFE8F2BD8F}.Debug|Any CPU.ActiveCfg = Debug|Any CPU
		{66423312-8C76-4B48-9E13-B5BFE8F2BD8F}.Debug|Any CPU.Build.0 = Debug|Any CPU
		{66423312-8C76-4B48-9E13-B5BFE8F2BD8F}.Release|Any CPU.ActiveCfg = Release|Any CPU
		{66423312-8C76-4B48-9E13-B5BFE8F2BD8F}.Release|Any CPU.Build.0 = Release|Any CPU
	EndGlobalSection
	GlobalSection(SolutionProperties) = preSolution
		HideSolutionNode = FALSE
	EndGlobalSection
	GlobalSection(ExtensibilityGlobals) = postSolution
		SolutionGuid = {3EF249AA-0731-43B6-8CF0-889D770BB5C3}
	EndGlobalSection
EndGlobal
