
Microsoft Visual Studio Solution File, Format Version 12.00
# Visual Studio Version 16
VisualStudioVersion = 16.0.29326.143
MinimumVisualStudioVersion = 10.0.40219.1
Project("{9A19103F-16F7-4668-BE54-9A1E7A4F7556}") = "FileTranslationDemo", "FileTranslationDemo\FileTranslationDemo.csproj", "{B6C162DD-4DCB-4281-8C73-A31BDE24A043}"
EndProject
Project("{9A19103F-16F7-4668-BE54-9A1E7A4F7556}") = "common", "..\..\common-source\csharp\common\common.csproj", "{660C23DB-15CB-4802-9A17-C31CFB40D2A0}"
EndProject
Global
	GlobalSection(SolutionConfigurationPlatforms) = preSolution
		Debug|Any CPU = Debug|Any CPU
		Release|Any CPU = Release|Any CPU
	EndGlobalSection
	GlobalSection(ProjectConfigurationPlatforms) = postSolution
		{B6C162DD-4DCB-4281-8C73-A31BDE24A043}.Debug|Any CPU.ActiveCfg = Debug|Any CPU
		{B6C162DD-4DCB-4281-8C73-A31BDE24A043}.Debug|Any CPU.Build.0 = Debug|Any CPU
		{B6C162DD-4DCB-4281-8C73-A31BDE24A043}.Release|Any CPU.ActiveCfg = Release|Any CPU
		{B6C162DD-4DCB-4281-8C73-A31BDE24A043}.Release|Any CPU.Build.0 = Release|Any CPU
		{660C23DB-15CB-4802-9A17-C31CFB40D2A0}.Debug|Any CPU.ActiveCfg = Debug|Any CPU
		{660C23DB-15CB-4802-9A17-C31CFB40D2A0}.Debug|Any CPU.Build.0 = Debug|Any CPU
		{660C23DB-15CB-4802-9A17-C31CFB40D2A0}.Release|Any CPU.ActiveCfg = Release|Any CPU
		{660C23DB-15CB-4802-9A17-C31CFB40D2A0}.Release|Any CPU.Build.0 = Release|Any CPU
	EndGlobalSection
	GlobalSection(SolutionProperties) = preSolution
		HideSolutionNode = FALSE
	EndGlobalSection
	GlobalSection(ExtensibilityGlobals) = postSolution
		SolutionGuid = {82F6432E-4CE9-4FF1-8950-779DFEC34176}
	EndGlobalSection
EndGlobal
