
Microsoft Visual Studio Solution File, Format Version 12.00
# Visual Studio Version 16
VisualStudioVersion = 16.0.29215.179
MinimumVisualStudioVersion = 10.0.40219.1
Project("{9A19103F-16F7-4668-BE54-9A1E7A4F7556}") = "SpeechToTextDemo", "SpeechToTextDemo\SpeechToTextDemo.csproj", "{6B44F2DD-FE26-4C3B-BE44-9404CF98423F}"
EndProject
Project("{9A19103F-16F7-4668-BE54-9A1E7A4F7556}") = "common", "..\..\common-source\csharp\common\common.csproj", "{219E49F0-B423-497D-95A1-403AF3750130}"
EndProject
Global
	GlobalSection(SolutionConfigurationPlatforms) = preSolution
		Debug|Any CPU = Debug|Any CPU
		Release|Any CPU = Release|Any CPU
	EndGlobalSection
	GlobalSection(ProjectConfigurationPlatforms) = postSolution
		{6B44F2DD-FE26-4C3B-BE44-9404CF98423F}.Debug|Any CPU.ActiveCfg = Debug|Any CPU
		{6B44F2DD-FE26-4C3B-BE44-9404CF98423F}.Debug|Any CPU.Build.0 = Debug|Any CPU
		{6B44F2DD-FE26-4C3B-BE44-9404CF98423F}.Release|Any CPU.ActiveCfg = Release|Any CPU
		{6B44F2DD-FE26-4C3B-BE44-9404CF98423F}.Release|Any CPU.Build.0 = Release|Any CPU
		{219E49F0-B423-497D-95A1-403AF3750130}.Debug|Any CPU.ActiveCfg = Debug|Any CPU
		{219E49F0-B423-497D-95A1-403AF3750130}.Debug|Any CPU.Build.0 = Debug|Any CPU
		{219E49F0-B423-497D-95A1-403AF3750130}.Release|Any CPU.ActiveCfg = Release|Any CPU
		{219E49F0-B423-497D-95A1-403AF3750130}.Release|Any CPU.Build.0 = Release|Any CPU
	EndGlobalSection
	GlobalSection(SolutionProperties) = preSolution
		HideSolutionNode = FALSE
	EndGlobalSection
	GlobalSection(ExtensibilityGlobals) = postSolution
		SolutionGuid = {DDABF8BF-6CE7-408B-BD00-6168808620C3}
	EndGlobalSection
EndGlobal
